
Microsoft Visual Studio Solution File, Format Version 12.00
# Visual Studio 15
VisualStudioVersion = 15.0.28307.329
MinimumVisualStudioVersion = 10.0.40219.1
Project("{FAE04EC0-301F-11D3-BF4B-00C04F79EFBC}") = "Pizza 30.03.2019", "Pizza 30.03.2019.csproj", "{D7134406-FC01-4214-99F1-0D186988BFC6}"
EndProject
Global
	GlobalSection(SolutionConfigurationPlatforms) = preSolution
		Debug|Any CPU = Debug|Any CPU
		Release|Any CPU = Release|Any CPU
	EndGlobalSection
	GlobalSection(ProjectConfigurationPlatforms) = postSolution
		{D7134406-FC01-4214-99F1-0D186988BFC6}.Debug|Any CPU.ActiveCfg = Debug|Any CPU
		{D7134406-FC01-4214-99F1-0D186988BFC6}.Debug|Any CPU.Build.0 = Debug|Any CPU
		{D7134406-FC01-4214-99F1-0D186988BFC6}.Release|Any CPU.ActiveCfg = Release|Any CPU
		{D7134406-FC01-4214-99F1-0D186988BFC6}.Release|Any CPU.Build.0 = Release|Any CPU
	EndGlobalSection
	GlobalSection(SolutionProperties) = preSolution
		HideSolutionNode = FALSE
	EndGlobalSection
	GlobalSection(ExtensibilityGlobals) = postSolution
		SolutionGuid = {F0B7BEF7-D350-44D8-B015-147BEC25284B}
	EndGlobalSection
EndGlobal
