
Microsoft Visual Studio Solution File, Format Version 12.00
# Visual Studio 15
VisualStudioVersion = 15.0.28307.329
MinimumVisualStudioVersion = 10.0.40219.1
Project("{FAE04EC0-301F-11D3-BF4B-00C04F79EFBC}") = "Constructor05", "Constructor05.csproj", "{F8AE5AEB-B05C-4207-A910-C9511122C1DB}"
EndProject
Global
	GlobalSection(SolutionConfigurationPlatforms) = preSolution
		Debug|Any CPU = Debug|Any CPU
		Release|Any CPU = Release|Any CPU
	EndGlobalSection
	GlobalSection(ProjectConfigurationPlatforms) = postSolution
		{F8AE5AEB-B05C-4207-A910-C9511122C1DB}.Debug|Any CPU.ActiveCfg = Debug|Any CPU
		{F8AE5AEB-B05C-4207-A910-C9511122C1DB}.Debug|Any CPU.Build.0 = Debug|Any CPU
		{F8AE5AEB-B05C-4207-A910-C9511122C1DB}.Release|Any CPU.ActiveCfg = Release|Any CPU
		{F8AE5AEB-B05C-4207-A910-C9511122C1DB}.Release|Any CPU.Build.0 = Release|Any CPU
	EndGlobalSection
	GlobalSection(SolutionProperties) = preSolution
		HideSolutionNode = FALSE
	EndGlobalSection
	GlobalSection(ExtensibilityGlobals) = postSolution
		SolutionGuid = {6863ECE7-53C5-4495-889D-C8D24D6A9E10}
	EndGlobalSection
EndGlobal
