
Microsoft Visual Studio Solution File, Format Version 12.00
# Visual Studio Version 16
VisualStudioVersion = 16.0.28803.352
MinimumVisualStudioVersion = 10.0.40219.1
Project("{FAE04EC0-301F-11D3-BF4B-00C04F79EFBC}") = "Lab08", "Lab08\Lab08.csproj", "{56E6CF5B-C930-4751-B6C1-59849F3A8C1C}"
EndProject
Global
	GlobalSection(SolutionConfigurationPlatforms) = preSolution
		Debug|Any CPU = Debug|Any CPU
		Release|Any CPU = Release|Any CPU
	EndGlobalSection
	GlobalSection(ProjectConfigurationPlatforms) = postSolution
		{56E6CF5B-C930-4751-B6C1-59849F3A8C1C}.Debug|Any CPU.ActiveCfg = Debug|Any CPU
		{56E6CF5B-C930-4751-B6C1-59849F3A8C1C}.Debug|Any CPU.Build.0 = Debug|Any CPU
		{56E6CF5B-C930-4751-B6C1-59849F3A8C1C}.Release|Any CPU.ActiveCfg = Release|Any CPU
		{56E6CF5B-C930-4751-B6C1-59849F3A8C1C}.Release|Any CPU.Build.0 = Release|Any CPU
	EndGlobalSection
	GlobalSection(SolutionProperties) = preSolution
		HideSolutionNode = FALSE
	EndGlobalSection
	GlobalSection(ExtensibilityGlobals) = postSolution
		SolutionGuid = {5E04D16D-1FE0-4D2F-B685-602FE1787931}
	EndGlobalSection
EndGlobal
