
Microsoft Visual Studio Solution File, Format Version 12.00
# Visual Studio 15
VisualStudioVersion = 15.0.28307.329
MinimumVisualStudioVersion = 10.0.40219.1
Project("{FAE04EC0-301F-11D3-BF4B-00C04F79EFBC}") = "alexproga1_2", "alexproga1_2.csproj", "{C1C8A16F-2DF9-478B-A9A8-67B76865534D}"
EndProject
Global
	GlobalSection(SolutionConfigurationPlatforms) = preSolution
		Debug|Any CPU = Debug|Any CPU
		Release|Any CPU = Release|Any CPU
	EndGlobalSection
	GlobalSection(ProjectConfigurationPlatforms) = postSolution
		{C1C8A16F-2DF9-478B-A9A8-67B76865534D}.Debug|Any CPU.ActiveCfg = Debug|Any CPU
		{C1C8A16F-2DF9-478B-A9A8-67B76865534D}.Debug|Any CPU.Build.0 = Debug|Any CPU
		{C1C8A16F-2DF9-478B-A9A8-67B76865534D}.Release|Any CPU.ActiveCfg = Release|Any CPU
		{C1C8A16F-2DF9-478B-A9A8-67B76865534D}.Release|Any CPU.Build.0 = Release|Any CPU
	EndGlobalSection
	GlobalSection(SolutionProperties) = preSolution
		HideSolutionNode = FALSE
	EndGlobalSection
	GlobalSection(ExtensibilityGlobals) = postSolution
		SolutionGuid = {306229A6-9979-4F67-83F6-4E14339C5A4E}
	EndGlobalSection
EndGlobal
